
Microsoft Visual Studio Solution File, Format Version 12.00
Project("{FAE04EC0-301F-11D3-BF4B-00C04F79EFBC}") = "UnityEmu", "UnityEmu.csproj", "{B66EBE62-1EBF-4CD7-9BCF-F9FFFA3A190F}"
EndProject
Global
	GlobalSection(SolutionConfigurationPlatforms) = preSolution
		Debug|Any CPU = Debug|Any CPU
		Release|Any CPU = Release|Any CPU
	EndGlobalSection
	GlobalSection(ProjectConfigurationPlatforms) = postSolution
		{B66EBE62-1EBF-4CD7-9BCF-F9FFFA3A190F}.Debug|Any CPU.ActiveCfg = Debug|Any CPU
		{B66EBE62-1EBF-4CD7-9BCF-F9FFFA3A190F}.Debug|Any CPU.Build.0 = Debug|Any CPU
		{B66EBE62-1EBF-4CD7-9BCF-F9FFFA3A190F}.Release|Any CPU.ActiveCfg = Release|Any CPU
		{B66EBE62-1EBF-4CD7-9BCF-F9FFFA3A190F}.Release|Any CPU.Build.0 = Release|Any CPU
	EndGlobalSection
EndGlobal
